// !$*UTF8*$!
{
	archiveVersion = 1;
	classes = {
	};
	objectVersion = 46;
	objects = {

/* Begin PBXBuildFile section */
		256F12741C59AF2800CEA588 /* main.m in Sources */ = {isa = PBXBuildFile; fileRef = 256F12731C59AF2800CEA588 /* main.m */; };
		256F12771C59AF2800CEA588 /* AppDelegate.m in Sources */ = {isa = PBXBuildFile; fileRef = 256F12761C59AF2800CEA588 /* AppDelegate.m */; };
		256F127A1C59AF2800CEA588 /* ViewController.m in Sources */ = {isa = PBXBuildFile; fileRef = 256F12791C59AF2800CEA588 /* ViewController.m */; };
		256F127D1C59AF2800CEA588 /* Main.storyboard in Resources */ = {isa = PBXBuildFile; fileRef = 256F127B1C59AF2800CEA588 /* Main.storyboard */; };
		256F127F1C59AF2800CEA588 /* Assets.xcassets in Resources */ = {isa = PBXBuildFile; fileRef = 256F127E1C59AF2800CEA588 /* Assets.xcassets */; };
		256F12821C59AF2900CEA588 /* LaunchScreen.storyboard in Resources */ = {isa = PBXBuildFile; fileRef = 256F12801C59AF2900CEA588 /* LaunchScreen.storyboard */; };
/* End PBXBuildFile section */

/* Begin PBXFileReference section */
		256F126F1C59AF2800CEA588 /* 薛楠.app */ = {isa = PBXFileReference; explicitFileType = wrapper.application; includeInIndex = 0; path = "薛楠.app"; sourceTree = BUILT_PRODUCTS_DIR; };
		256F12731C59AF2800CEA588 /* main.m */ = {isa = PBXFileReference; lastKnownFileType = sourcecode.c.objc; path = main.m; sourceTree = "<group>"; };
		256F12751C59AF2800CEA588 /* AppDelegate.h */ = {isa = PBXFileReference; lastKnownFileType = sourcecode.c.h; path = AppDelegate.h; sourceTree = "<group>"; };
		256F12761C59AF2800CEA588 /* AppDelegate.m */ = {isa = PBXFileReference; lastKnownFileType = sourcecode.c.objc; path = AppDelegate.m; sourceTree = "<group>"; };
		256F12781C59AF2800CEA588 /* ViewController.h */ = {isa = PBXFileReference; lastKnownFileType = sourcecode.c.h; path = ViewController.h; sourceTree = "<group>"; };
		256F12791C59AF2800CEA588 /* ViewController.m */ = {isa = PBXFileReference; lastKnownFileType = sourcecode.c.objc; path = ViewController.m; sourceTree = "<group>"; };
		256F127C1C59AF2800CEA588 /* Base */ = {isa = PBXFileReference; lastKnownFileType = file.storyboard; name = Base; path = Base.lproj/Main.storyboard; sourceTree = "<group>"; };
		256F127E1C59AF2800CEA588 /* Assets.xcassets */ = {isa = PBXFileReference; lastKnownFileType = folder.assetcatalog; path = Assets.xcassets; sourceTree = "<group>"; };
		256F12811C59AF2900CEA588 /* Base */ = {isa = PBXFileReference; lastKnownFileType = file.storyboard; name = Base; path = Base.lproj/LaunchScreen.storyboard; sourceTree = "<group>"; };
		256F12831C59AF2900CEA588 /* Info.plist */ = {isa = PBXFileReference; lastKnownFileType = text.plist.xml; path = Info.plist; sourceTree = "<group>"; };
/* End PBXFileReference section */

/* Begin PBXFrameworksBuildPhase section */
		256F126C1C59AF2800CEA588 /* Frameworks */ = {
			isa = PBXFrameworksBuildPhase;
			buildActionMask = 2147483647;
			files = (
			);
			runOnlyForDeploymentPostprocessing = 0;
		};
/* End PBXFrameworksBuildPhase section */

/* Begin PBXGroup section */
		256F12661C59AF2800CEA588 = {
			isa = PBXGroup;
			children = (
				256F12711C59AF2800CEA588 /* 薛楠 */,
				256F12701C59AF2800CEA588 /* Products */,
			);
			sourceTree = "<group>";
		};
		256F12701C59AF2800CEA588 /* Products */ = {
			isa = PBXGroup;
			children = (
				256F126F1C59AF2800CEA588 /* 薛楠.app */,
			);
			name = Products;
			sourceTree = "<group>";
		};
		256F12711C59AF2800CEA588 /* 薛楠 */ = {
			isa = PBXGroup;
			children = (
				256F12751C59AF2800CEA588 /* AppDelegate.h */,
				256F12761C59AF2800CEA588 /* AppDelegate.m */,
				256F12781C59AF2800CEA588 /* ViewController.h */,
				256F12791C59AF2800CEA588 /* ViewController.m */,
				256F127B1C59AF2800CEA588 /* Main.storyboard */,
				256F127E1C59AF2800CEA588 /* Assets.xcassets */,
				256F12801C59AF2900CEA588 /* LaunchScreen.storyboard */,
				256F12831C59AF2900CEA588 /* Info.plist */,
				256F12721C59AF2800CEA588 /* Supporting Files */,
			);
			path = "薛楠";
			sourceTree = "<group>";
		};
		256F12721C59AF2800CEA588 /* Supporting Files */ = {
			isa = PBXGroup;
			children = (
				256F12731C59AF2800CEA588 /* main.m */,
			);
			name = "Supporting Files";
			sourceTree = "<group>";
		};
/* End PBXGroup section */

/* Begin PBXNativeTarget section */
		256F126E1C59AF2800CEA588 /* 薛楠 */ = {
			isa = PBXNativeTarget;
			buildConfigurationList = 256F12861C59AF2900CEA588 /* Build configuration list for PBXNativeTarget "薛楠" */;
			buildPhases = (
				256F126B1C59AF2800CEA588 /* Sources */,
				256F126C1C59AF2800CEA588 /* Frameworks */,
				256F126D1C59AF2800CEA588 /* Resources */,
			);
			buildRules = (
			);
			dependencies = (
			);
			name = "薛楠";
			productName = "薛楠";
			productReference = 256F126F1C59AF2800CEA588 /* 薛楠.app */;
			productType = "com.apple.product-type.application";
		};
/* End PBXNativeTarget section */

/* Begin PBXProject section */
		256F12671C59AF2800CEA588 /* Project object */ = {
			isa = PBXProject;
			attributes = {
				LastUpgradeCheck = 0710;
				ORGANIZATIONNAME = "薛楠";
				TargetAttributes = {
					256F126E1C59AF2800CEA588 = {
						CreatedOnToolsVersion = 7.1.1;
					};
				};
			};
			buildConfigurationList = 256F126A1C59AF2800CEA588 /* Build configuration list for PBXProject "薛楠" */;
			compatibilityVersion = "Xcode 3.2";
			developmentRegion = English;
			hasScannedForEncodings = 0;
			knownRegions = (
				en,
				Base,
			);
			mainGroup = 256F12661C59AF2800CEA588;
			productRefGroup = 256F12701C59AF2800CEA588 /* Products */;
			projectDirPath = "";
			projectRoot = "";
			targets = (
				256F126E1C59AF2800CEA588 /* 薛楠 */,
			);
		};
/* End PBXProject section */

/* Begin PBXResourcesBuildPhase section */
		256F126D1C59AF2800CEA588 /* Resources */ = {
			isa = PBXResourcesBuildPhase;
			buildActionMask = 2147483647;
			files = (
				256F12821C59AF2900CEA588 /* LaunchScreen.storyboard in Resources */,
				256F127F1C59AF2800CEA588 /* Assets.xcassets in Resources */,
				256F127D1C59AF2800CEA588 /* Main.storyboard in Resources */,
			);
			runOnlyForDeploymentPostprocessing = 0;
		};
/* End PBXResourcesBuildPhase section */

/* Begin PBXSourcesBuildPhase section */
		256F126B1C59AF2800CEA588 /* Sources */ = {
			isa = PBXSourcesBuildPhase;
			buildActionMask = 2147483647;
			files = (
				256F127A1C59AF2800CEA588 /* ViewController.m in Sources */,
				256F12771C59AF2800CEA588 /* AppDelegate.m in Sources */,
				256F12741C59AF2800CEA588 /* main.m in Sources */,
			);
			runOnlyForDeploymentPostprocessing = 0;
		};
/* End PBXSourcesBuildPhase section */

/* Begin PBXVariantGroup section */
		256F127B1C59AF2800CEA588 /* Main.storyboard */ = {
			isa = PBXVariantGroup;
			children = (
				256F127C1C59AF2800CEA588 /* Base */,
			);
			name = Main.storyboard;
			sourceTree = "<group>";
		};
		256F12801C59AF2900CEA588 /* LaunchScreen.storyboard */ = {
			isa = PBXVariantGroup;
			children = (
				256F12811C59AF2900CEA588 /* Base */,
			);
			name = LaunchScreen.storyboard;
			sourceTree = "<group>";
		};
/* End PBXVariantGroup section */

/* Begin XCBuildConfiguration section */
		256F12841C59AF2900CEA588 /* Debug */ = {
			isa = XCBuildConfiguration;
			buildSettings = {
				ALWAYS_SEARCH_USER_PATHS = NO;
				CLANG_CXX_LANGUAGE_STANDARD = "gnu++0x";
				CLANG_CXX_LIBRARY = "libc++";
				CLANG_ENABLE_MODULES = YES;
				CLANG_ENABLE_OBJC_ARC = YES;
				CLANG_WARN_BOOL_CONVERSION = YES;
				CLANG_WARN_CONSTANT_CONVERSION = YES;
				CLANG_WARN_DIRECT_OBJC_ISA_USAGE = YES_ERROR;
				CLANG_WARN_EMPTY_BODY = YES;
				CLANG_WARN_ENUM_CONVERSION = YES;
				CLANG_WARN_INT_CONVERSION = YES;
				CLANG_WARN_OBJC_ROOT_CLASS = YES_ERROR;
				CLANG_WARN_UNREACHABLE_CODE = YES;
				CLANG_WARN__DUPLICATE_METHOD_MATCH = YES;
				"CODE_SIGN_IDENTITY[sdk=iphoneos*]" = "iPhone Developer";
				COPY_PHASE_STRIP = NO;
				DEBUG_INFORMATION_FORMAT = dwarf;
				ENABLE_STRICT_OBJC_MSGSEND = YES;
				ENABLE_TESTABILITY = YES;
				GCC_C_LANGUAGE_STANDARD = gnu99;
				GCC_DYNAMIC_NO_PIC = NO;
				GCC_NO_COMMON_BLOCKS = YES;
				GCC_OPTIMIZATION_LEVEL = 0;
				GCC_PREPROCESSOR_DEFINITIONS = (
					"DEBUG=1",
					"$(inherited)",
				);
				GCC_WARN_64_TO_32_BIT_CONVERSION = YES;
				GCC_WARN_ABOUT_RETURN_TYPE = YES_ERROR;
				GCC_WARN_UNDECLARED_SELECTOR = YES;
				GCC_WARN_UNINITIALIZED_AUTOS = YES_AGGRESSIVE;
				GCC_WARN_UNUSED_FUNCTION = YES;
				GCC_WARN_UNUSED_VARIABLE = YES;
				IPHONEOS_DEPLOYMENT_TARGET = 9.1;
				MTL_ENABLE_DEBUG_INFO = YES;
				ONLY_ACTIVE_ARCH = YES;
				SDKROOT = iphoneos;
				TARGETED_DEVICE_FAMILY = "1,2";
			};
			name = Debug;
		};
		256F12851C59AF2900CEA588 /* Release */ = {
			isa = XCBuildConfiguration;
			buildSettings = {
				ALWAYS_SEARCH_USER_PATHS = NO;
				CLANG_CXX_LANGUAGE_STANDARD = "gnu++0x";
				CLANG_CXX_LIBRARY = "libc++";
				CLANG_ENABLE_MODULES = YES;
				CLANG_ENABLE_OBJC_ARC = YES;
				CLANG_WARN_BOOL_CONVERSION = YES;
				CLANG_WARN_CONSTANT_CONVERSION = YES;
				CLANG_WARN_DIRECT_OBJC_ISA_USAGE = YES_ERROR;
				CLANG_WARN_EMPTY_BODY = YES;
				CLANG_WARN_ENUM_CONVERSION = YES;
				CLANG_WARN_INT_CONVERSION = YES;
				CLANG_WARN_OBJC_ROOT_CLASS = YES_ERROR;
				CLANG_WARN_UNREACHABLE_CODE = YES;
				CLANG_WARN__DUPLICATE_METHOD_MATCH = YES;
				"CODE_SIGN_IDENTITY[sdk=iphoneos*]" = "iPhone Developer";
				COPY_PHASE_STRIP = NO;
				DEBUG_INFORMATION_FORMAT = "dwarf-with-dsym";
				ENABLE_NS_ASSERTIONS = NO;
				ENABLE_STRICT_OBJC_MSGSEND = YES;
				GCC_C_LANGUAGE_STANDARD = gnu99;
				GCC_NO_COMMON_BLOCKS = YES;
				GCC_WARN_64_TO_32_BIT_CONVERSION = YES;
				GCC_WARN_ABOUT_RETURN_TYPE = YES_ERROR;
				GCC_WARN_UNDECLARED_SELECTOR = YES;
				GCC_WARN_UNINITIALIZED_AUTOS = YES_AGGRESSIVE;
				GCC_WARN_UNUSED_FUNCTION = YES;
				GCC_WARN_UNUSED_VARIABLE = YES;
				IPHONEOS_DEPLOYMENT_TARGET = 9.1;
				MTL_ENABLE_DEBUG_INFO = NO;
				SDKROOT = iphoneos;
				TARGETED_DEVICE_FAMILY = "1,2";
				VALIDATE_PRODUCT = YES;
			};
			name = Release;
		};
		256F12871C59AF2900CEA588 /* Debug */ = {
			isa = XCBuildConfiguration;
			buildSettings = {
				ASSETCATALOG_COMPILER_APPICON_NAME = AppIcon;
				INFOPLIST_FILE = "薛楠/Info.plist";
				LD_RUNPATH_SEARCH_PATHS = "$(inherited) @executable_path/Frameworks";
				PRODUCT_BUNDLE_IDENTIFIER = "mega.--";
				PRODUCT_NAME = "$(TARGET_NAME)";
			};
			name = Debug;
		};
		256F12881C59AF2900CEA588 /* Release */ = {
			isa = XCBuildConfiguration;
			buildSettings = {
				ASSETCATALOG_COMPILER_APPICON_NAME = AppIcon;
				INFOPLIST_FILE = "薛楠/Info.plist";
				LD_RUNPATH_SEARCH_PATHS = "$(inherited) @executable_path/Frameworks";
				PRODUCT_BUNDLE_IDENTIFIER = "mega.--";
				PRODUCT_NAME = "$(TARGET_NAME)";
			};
			name = Release;
		};
/* End XCBuildConfiguration section */

/* Begin XCConfigurationList section */
		256F126A1C59AF2800CEA588 /* Build configuration list for PBXProject "薛楠" */ = {
			isa = XCConfigurationList;
			buildConfigurations = (
				256F12841C59AF2900CEA588 /* Debug */,
				256F12851C59AF2900CEA588 /* Release */,
			);
			defaultConfigurationIsVisible = 0;
			defaultConfigurationName = Release;
		};
		256F12861C59AF2900CEA588 /* Build configuration list for PBXNativeTarget "薛楠" */ = {
			isa = XCConfigurationList;
			buildConfigurations = (
				256F12871C59AF2900CEA588 /* Debug */,
				256F12881C59AF2900CEA588 /* Release */,
			);
			defaultConfigurationIsVisible = 0;
		};
/* End XCConfigurationList section */
	};
	rootObject = 256F12671C59AF2800CEA588 /* Project object */;
}
